{
	"name": "perfrunner-reporters",
	"version": "1.0.0",
	"lockfileVersion": 1,
	"requires": true,
	"dependencies": {
		"@types/node": {
			"version": "14.0.1",
			"resolved": "https://registry.npmjs.org/@types/node/-/node-14.0.1.tgz",
			"integrity": "sha512-FAYBGwC+W6F9+huFIDtn43cpy7+SzG+atzRiTfdp3inUKL2hXnd4rG8hylJLIh4+hqrQy1P17kvJByE/z825hA==",
			"dev": true
		},
		"typescript": {
			"version": "3.9.2",
			"resolved": "https://registry.npmjs.org/typescript/-/typescript-3.9.2.tgz",
			"integrity": "sha512-q2ktq4n/uLuNNShyayit+DTobV2ApPEo/6so68JaD5ojvc/6GClBipedB9zNWYxRSAlZXAe405Rlijzl6qDiSw==",
			"dev": true
		}
	}
}
